
Microsoft Visual Studio Solution File, Format Version 12.00
# Visual Studio Version 17
VisualStudioVersion = 17.1.31911.260
MinimumVisualStudioVersion = 10.0.40219.1
Project("{9A19103F-16F7-4668-BE54-9A1E7A4F7556}") = "RobotGame", "RobotGame\RobotGame.csproj", "{030679B4-F218-4806-917B-8BBC39BD2780}"
EndProject
Global
	GlobalSection(SolutionConfigurationPlatforms) = preSolution
		Debug|Any CPU = Debug|Any CPU
		Release|Any CPU = Release|Any CPU
	EndGlobalSection
	GlobalSection(ProjectConfigurationPlatforms) = postSolution
		{030679B4-F218-4806-917B-8BBC39BD2780}.Debug|Any CPU.ActiveCfg = Debug|Any CPU
		{030679B4-F218-4806-917B-8BBC39BD2780}.Debug|Any CPU.Build.0 = Debug|Any CPU
		{030679B4-F218-4806-917B-8BBC39BD2780}.Release|Any CPU.ActiveCfg = Release|Any CPU
		{030679B4-F218-4806-917B-8BBC39BD2780}.Release|Any CPU.Build.0 = Release|Any CPU
	EndGlobalSection
	GlobalSection(SolutionProperties) = preSolution
		HideSolutionNode = FALSE
	EndGlobalSection
	GlobalSection(ExtensibilityGlobals) = postSolution
		SolutionGuid = {02E4C9A3-32C0-404B-A389-075022BE0200}
	EndGlobalSection
EndGlobal
